{
  "name": "car_tracking",
  "lockfileVersion": 3,
  "requires": true,
  "packages": {
    "": {
      "dependencies": {
        "bootstrap-icons": "^1.11.3",
        "mapbox-gl-fontawesome-markers": "^0.0.2"
      }
    },
    "node_modules/bootstrap-icons": {
      "version": "1.11.3",
      "resolved": "https://registry.npmjs.org/bootstrap-icons/-/bootstrap-icons-1.11.3.tgz",
      "integrity": "sha512-+3lpHrCw/it2/7lBL15VR0HEumaBss0+f/Lb6ZvHISn1mlK83jjFpooTLsMWbIjJMDjDjOExMsTxnXSIT4k4ww==",
      "funding": [
        {
          "type": "github",
          "url": "https://github.com/sponsors/twbs"
        },
        {
          "type": "opencollective",
          "url": "https://opencollective.com/bootstrap"
        }
      ]
    },
    "node_modules/mapbox-gl-fontawesome-markers": {
      "version": "0.0.2",
      "resolved": "https://registry.npmjs.org/mapbox-gl-fontawesome-markers/-/mapbox-gl-fontawesome-markers-0.0.2.tgz",
      "integrity": "sha512-eVe6IJx5ugJ1rFou8KMxK7dVLEhNwFy0chUXzJXavv7juwIImQE5tt6UUuCqdvgqk/oEb6c541DU4V/Bd+jZkA=="
    }
  }
}
